
Microsoft Visual Studio Solution File, Format Version 12.00
# Visual Studio Version 17
VisualStudioVersion = 17.7.34031.279
MinimumVisualStudioVersion = 10.0.40219.1
Project("{FAE04EC0-301F-11D3-BF4B-00C04F79EFBC}") = "Clicker", "Clicker\Clicker.csproj", "{07CE0809-8412-45C5-ABD5-D325F72CF067}"
EndProject
Global
	GlobalSection(SolutionConfigurationPlatforms) = preSolution
		Debug|Any CPU = Debug|Any CPU
		Release|Any CPU = Release|Any CPU
	EndGlobalSection
	GlobalSection(ProjectConfigurationPlatforms) = postSolution
		{07CE0809-8412-45C5-ABD5-D325F72CF067}.Debug|Any CPU.ActiveCfg = Debug|Any CPU
		{07CE0809-8412-45C5-ABD5-D325F72CF067}.Debug|Any CPU.Build.0 = Debug|Any CPU
		{07CE0809-8412-45C5-ABD5-D325F72CF067}.Release|Any CPU.ActiveCfg = Release|Any CPU
		{07CE0809-8412-45C5-ABD5-D325F72CF067}.Release|Any CPU.Build.0 = Release|Any CPU
	EndGlobalSection
	GlobalSection(SolutionProperties) = preSolution
		HideSolutionNode = FALSE
	EndGlobalSection
	GlobalSection(ExtensibilityGlobals) = postSolution
		SolutionGuid = {19EDB5A4-EAF3-48B2-90C5-19BCE71CE340}
	EndGlobalSection
EndGlobal
